
Microsoft Visual Studio Solution File, Format Version 12.00
# Visual Studio Version 17
VisualStudioVersion = 17.11.35312.102
MinimumVisualStudioVersion = 10.0.40219.1
Project("{FAE04EC0-301F-11D3-BF4B-00C04F79EFBC}") = "DLMS_GET_REQ", "DLMS_GET_REQ.csproj", "{9B6BA220-1C61-4A70-B147-D8A17B646DF3}"
EndProject
Global
	GlobalSection(SolutionConfigurationPlatforms) = preSolution
		Debug|Any CPU = Debug|Any CPU
		Release|Any CPU = Release|Any CPU
	EndGlobalSection
	GlobalSection(ProjectConfigurationPlatforms) = postSolution
		{9B6BA220-1C61-4A70-B147-D8A17B646DF3}.Debug|Any CPU.ActiveCfg = Debug|Any CPU
		{9B6BA220-1C61-4A70-B147-D8A17B646DF3}.Debug|Any CPU.Build.0 = Debug|Any CPU
		{9B6BA220-1C61-4A70-B147-D8A17B646DF3}.Release|Any CPU.ActiveCfg = Release|Any CPU
		{9B6BA220-1C61-4A70-B147-D8A17B646DF3}.Release|Any CPU.Build.0 = Release|Any CPU
	EndGlobalSection
	GlobalSection(SolutionProperties) = preSolution
		HideSolutionNode = FALSE
	EndGlobalSection
	GlobalSection(ExtensibilityGlobals) = postSolution
		SolutionGuid = {64028F70-1CAA-447B-8D52-21AED274CD36}
	EndGlobalSection
EndGlobal
